{
  "name": "angularjs-coreapps",
  "version": "1.0.0",
  "dependencies": {
    "@openmrs/angularjs-openmrs-api": {
      "version": "0.8.1",
      "from": "@openmrs/angularjs-openmrs-api@0.8.1",
      "resolved": "https://registry.npmjs.org/@openmrs/angularjs-openmrs-api/-/angularjs-openmrs-api-0.8.1.tgz"
    },
    "angular": {
      "version": "1.5.8",
      "from": "angular@1.5.8",
      "resolved": "https://registry.npmjs.org/angular/-/angular-1.5.8.tgz"
    },
    "angular-animate": {
      "version": "1.5.8",
      "from": "angular-animate@1.5.8",
      "resolved": "https://registry.npmjs.org/angular-animate/-/angular-animate-1.5.8.tgz"
    },
    "angular-chart.js": {
      "version": "1.1.1",
      "from": "angular-chart.js@>=1.1.1 <2.0.0",
      "resolved": "https://registry.npmjs.org/angular-chart.js/-/angular-chart.js-1.1.1.tgz"
    },
    "angular-resource": {
      "version": "1.5.8",
      "from": "angular-resource@1.5.8",
      "resolved": "https://registry.npmjs.org/angular-resource/-/angular-resource-1.5.8.tgz"
    },
    "angular-translate": {
      "version": "2.15.2",
      "from": "angular-translate@>=2.15.1 <2.16.0",
      "resolved": "https://registry.npmjs.org/angular-translate/-/angular-translate-2.15.2.tgz"
    },
    "angular-translate-loader-url": {
      "version": "2.15.2",
      "from": "angular-translate-loader-url@>=2.15.1 <2.16.0",
      "resolved": "https://registry.npmjs.org/angular-translate-loader-url/-/angular-translate-loader-url-2.15.2.tgz"
    },
    "angular-ui-bootstrap": {
      "version": "2.5.0",
      "from": "angular-ui-bootstrap@latest",
      "resolved": "https://registry.npmjs.org/angular-ui-bootstrap/-/angular-ui-bootstrap-2.5.0.tgz"
    },
    "bootstrap-datepicker": {
      "version": "1.7.1",
      "from": "bootstrap-datepicker@latest",
      "resolved": "https://registry.npmjs.org/bootstrap-datepicker/-/bootstrap-datepicker-1.7.1.tgz"
    },
    "chart.js": {
      "version": "2.3.0",
      "from": "chart.js@>=2.3.0 <2.4.0",
      "resolved": "https://registry.npmjs.org/chart.js/-/chart.js-2.3.0.tgz"
    },
    "chartjs-color": {
      "version": "2.1.0",
      "from": "chartjs-color@>=2.0.0 <3.0.0",
      "resolved": "https://registry.npmjs.org/chartjs-color/-/chartjs-color-2.1.0.tgz"
    },
    "chartjs-color-string": {
      "version": "0.4.0",
      "from": "chartjs-color-string@>=0.4.0 <0.5.0",
      "resolved": "https://registry.npmjs.org/chartjs-color-string/-/chartjs-color-string-0.4.0.tgz"
    },
    "color-convert": {
      "version": "0.5.3",
      "from": "color-convert@>=0.5.3 <0.6.0",
      "resolved": "https://registry.npmjs.org/color-convert/-/color-convert-0.5.3.tgz"
    },
    "color-name": {
      "version": "1.1.2",
      "from": "color-name@>=1.0.0 <2.0.0",
      "resolved": "https://registry.npmjs.org/color-name/-/color-name-1.1.2.tgz"
    },
    "jquery": {
      "version": "3.2.1",
      "from": "jquery@latest",
      "resolved": "https://registry.npmjs.org/jquery/-/jquery-3.2.1.tgz"
    },
    "moment": {
      "version": "2.18.1",
      "from": "https://registry.npmjs.org/moment/-/moment-2.18.1.tgz",
      "resolved": "https://registry.npmjs.org/moment/-/moment-2.18.1.tgz"
    }
  }
}
